// !$*UTF8*$!
{
	archiveVersion = 1;
	classes = {
	};
	objectVersion = 56;
	objects = {

/* Begin PBXBuildFile section */
		CC040BE528E725E00051A217 /* StocksApp.swift in Sources */ = {isa = PBXBuildFile; fileRef = CC040BE428E725E00051A217 /* StocksApp.swift */; };
		CC040BE728E725E00051A217 /* StockView.swift in Sources */ = {isa = PBXBuildFile; fileRef = CC040BE628E725E00051A217 /* StockView.swift */; };
		CC040BE928E725E10051A217 /* Assets.xcassets in Resources */ = {isa = PBXBuildFile; fileRef = CC040BE828E725E10051A217 /* Assets.xcassets */; };
		CC040BEC28E725E10051A217 /* Preview Assets.xcassets in Resources */ = {isa = PBXBuildFile; fileRef = CC040BEB28E725E10051A217 /* Preview Assets.xcassets */; };
		CC040BEE28E725E10051A217 /* CoreDataService.swift in Sources */ = {isa = PBXBuildFile; fileRef = CC040BED28E725E10051A217 /* CoreDataService.swift */; };
		CC040BF128E725E10051A217 /* Stocks.xcdatamodeld in Sources */ = {isa = PBXBuildFile; fileRef = CC040BEF28E725E10051A217 /* Stocks.xcdatamodeld */; };
		CC6EB8DF28E9A8DA00F79728 /* StockCell.swift in Sources */ = {isa = PBXBuildFile; fileRef = CC6EB8DE28E9A8DA00F79728 /* StockCell.swift */; };
		CC6EB8E328E9FC3B00F79728 /* StockViewModel.swift in Sources */ = {isa = PBXBuildFile; fileRef = CC6EB8E228E9FC3B00F79728 /* StockViewModel.swift */; };
		CCE6731928EC7A93006C377F /* AddStockView.swift in Sources */ = {isa = PBXBuildFile; fileRef = CCE6731828EC7A93006C377F /* AddStockView.swift */; };
		CCE6731D28EC9323006C377F /* Query.swift in Sources */ = {isa = PBXBuildFile; fileRef = CCE6731C28EC9323006C377F /* Query.swift */; };
		CCE6731F28EC9FDC006C377F /* APIKey.swift in Sources */ = {isa = PBXBuildFile; fileRef = CCE6731E28EC9FDB006C377F /* APIKey.swift */; };
		CCE6732128ECA0EE006C377F /* Quote.swift in Sources */ = {isa = PBXBuildFile; fileRef = CCE6732028ECA0EE006C377F /* Quote.swift */; };
		CCE6732328EF0923006C377F /* NetworkService.swift in Sources */ = {isa = PBXBuildFile; fileRef = CCE6732228EF0923006C377F /* NetworkService.swift */; };
		CCE6732B28F00D7E006C377F /* StockDetailView.swift in Sources */ = {isa = PBXBuildFile; fileRef = CCE6732A28F00D7D006C377F /* StockDetailView.swift */; };
		CCF2E09828F338F5007EC0E0 /* StockViewModelTests.swift in Sources */ = {isa = PBXBuildFile; fileRef = CCF2E09728F338F5007EC0E0 /* StockViewModelTests.swift */; };
		CCF2E09A28F33956007EC0E0 /* MockNetworkService.swift in Sources */ = {isa = PBXBuildFile; fileRef = CCF2E09928F33956007EC0E0 /* MockNetworkService.swift */; };
/* End PBXBuildFile section */

/* Begin PBXContainerItemProxy section */
		CCE6733428F02B8C006C377F /* PBXContainerItemProxy */ = {
			isa = PBXContainerItemProxy;
			containerPortal = CC040BD928E725DF0051A217 /* Project object */;
			proxyType = 1;
			remoteGlobalIDString = CC040BE028E725E00051A217;
			remoteInfo = Stocks;
		};
		CCE6734328F02BA4006C377F /* PBXContainerItemProxy */ = {
			isa = PBXContainerItemProxy;
			containerPortal = CC040BD928E725DF0051A217 /* Project object */;
			proxyType = 1;
			remoteGlobalIDString = CC040BE028E725E00051A217;
			remoteInfo = Stocks;
		};
/* End PBXContainerItemProxy section */

/* Begin PBXFileReference section */
		CC040BE128E725E00051A217 /* Stocks.app */ = {isa = PBXFileReference; explicitFileType = wrapper.application; includeInIndex = 0; path = Stocks.app; sourceTree = BUILT_PRODUCTS_DIR; };
		CC040BE428E725E00051A217 /* StocksApp.swift */ = {isa = PBXFileReference; lastKnownFileType = sourcecode.swift; path = StocksApp.swift; sourceTree = "<group>"; };
		CC040BE628E725E00051A217 /* StockView.swift */ = {isa = PBXFileReference; lastKnownFileType = sourcecode.swift; path = StockView.swift; sourceTree = "<group>"; };
		CC040BE828E725E10051A217 /* Assets.xcassets */ = {isa = PBXFileReference; lastKnownFileType = folder.assetcatalog; path = Assets.xcassets; sourceTree = "<group>"; };
		CC040BEB28E725E10051A217 /* Preview Assets.xcassets */ = {isa = PBXFileReference; lastKnownFileType = folder.assetcatalog; path = "Preview Assets.xcassets"; sourceTree = "<group>"; };
		CC040BED28E725E10051A217 /* CoreDataService.swift */ = {isa = PBXFileReference; lastKnownFileType = sourcecode.swift; path = CoreDataService.swift; sourceTree = "<group>"; };
		CC040BF028E725E10051A217 /* Stocks.xcdatamodel */ = {isa = PBXFileReference; lastKnownFileType = wrapper.xcdatamodel; path = Stocks.xcdatamodel; sourceTree = "<group>"; };
		CC6EB8DE28E9A8DA00F79728 /* StockCell.swift */ = {isa = PBXFileReference; lastKnownFileType = sourcecode.swift; path = StockCell.swift; sourceTree = "<group>"; };
		CC6EB8E228E9FC3B00F79728 /* StockViewModel.swift */ = {isa = PBXFileReference; lastKnownFileType = sourcecode.swift; path = StockViewModel.swift; sourceTree = "<group>"; };
		CCE6731828EC7A93006C377F /* AddStockView.swift */ = {isa = PBXFileReference; lastKnownFileType = sourcecode.swift; path = AddStockView.swift; sourceTree = "<group>"; };
		CCE6731C28EC9323006C377F /* Query.swift */ = {isa = PBXFileReference; lastKnownFileType = sourcecode.swift; path = Query.swift; sourceTree = "<group>"; };
		CCE6731E28EC9FDB006C377F /* APIKey.swift */ = {isa = PBXFileReference; lastKnownFileType = sourcecode.swift; path = APIKey.swift; sourceTree = "<group>"; };
		CCE6732028ECA0EE006C377F /* Quote.swift */ = {isa = PBXFileReference; lastKnownFileType = sourcecode.swift; path = Quote.swift; sourceTree = "<group>"; };
		CCE6732228EF0923006C377F /* NetworkService.swift */ = {isa = PBXFileReference; lastKnownFileType = sourcecode.swift; path = NetworkService.swift; sourceTree = "<group>"; };
		CCE6732A28F00D7D006C377F /* StockDetailView.swift */ = {isa = PBXFileReference; lastKnownFileType = sourcecode.swift; path = StockDetailView.swift; sourceTree = "<group>"; };
		CCE6733028F02B8C006C377F /* StocksTests.xctest */ = {isa = PBXFileReference; explicitFileType = wrapper.cfbundle; includeInIndex = 0; path = StocksTests.xctest; sourceTree = BUILT_PRODUCTS_DIR; };
		CCE6733D28F02BA3006C377F /* StocksUITests.xctest */ = {isa = PBXFileReference; explicitFileType = wrapper.cfbundle; includeInIndex = 0; path = StocksUITests.xctest; sourceTree = BUILT_PRODUCTS_DIR; };
		CCF2E09728F338F5007EC0E0 /* StockViewModelTests.swift */ = {isa = PBXFileReference; lastKnownFileType = sourcecode.swift; path = StockViewModelTests.swift; sourceTree = "<group>"; };
		CCF2E09928F33956007EC0E0 /* MockNetworkService.swift */ = {isa = PBXFileReference; lastKnownFileType = sourcecode.swift; path = MockNetworkService.swift; sourceTree = "<group>"; };
/* End PBXFileReference section */

/* Begin PBXFrameworksBuildPhase section */
		CC040BDE28E725E00051A217 /* Frameworks */ = {
			isa = PBXFrameworksBuildPhase;
			buildActionMask = 2147483647;
			files = (
			);
			runOnlyForDeploymentPostprocessing = 0;
		};
		CCE6732D28F02B8C006C377F /* Frameworks */ = {
			isa = PBXFrameworksBuildPhase;
			buildActionMask = 2147483647;
			files = (
			);
			runOnlyForDeploymentPostprocessing = 0;
		};
		CCE6733A28F02BA3006C377F /* Frameworks */ = {
			isa = PBXFrameworksBuildPhase;
			buildActionMask = 2147483647;
			files = (
			);
			runOnlyForDeploymentPostprocessing = 0;
		};
/* End PBXFrameworksBuildPhase section */

/* Begin PBXGroup section */
		CC040BD828E725DF0051A217 = {
			isa = PBXGroup;
			children = (
				CC040BE328E725E00051A217 /* Stocks */,
				CCE6733128F02B8C006C377F /* StocksTests */,
				CC040BE228E725E00051A217 /* Products */,
			);
			sourceTree = "<group>";
		};
		CC040BE228E725E00051A217 /* Products */ = {
			isa = PBXGroup;
			children = (
				CC040BE128E725E00051A217 /* Stocks.app */,
				CCE6733028F02B8C006C377F /* StocksTests.xctest */,
				CCE6733D28F02BA3006C377F /* StocksUITests.xctest */,
			);
			name = Products;
			sourceTree = "<group>";
		};
		CC040BE328E725E00051A217 /* Stocks */ = {
			isa = PBXGroup;
			children = (
				CC040BE428E725E00051A217 /* StocksApp.swift */,
				CCE6732428EF0962006C377F /* Service */,
				CCE6732528EF097E006C377F /* Model */,
				CCE6732728EF0A51006C377F /* ViewModel */,
				CCE6732628EF0A0D006C377F /* View */,
				CCE6731E28EC9FDB006C377F /* APIKey.swift */,
				CC040BEF28E725E10051A217 /* Stocks.xcdatamodeld */,
				CC040BE828E725E10051A217 /* Assets.xcassets */,
				CC040BEA28E725E10051A217 /* Preview Content */,
			);
			path = Stocks;
			sourceTree = "<group>";
		};
		CC040BEA28E725E10051A217 /* Preview Content */ = {
			isa = PBXGroup;
			children = (
				CC040BEB28E725E10051A217 /* Preview Assets.xcassets */,
			);
			path = "Preview Content";
			sourceTree = "<group>";
		};
		CCE6732428EF0962006C377F /* Service */ = {
			isa = PBXGroup;
			children = (
				CCE6732228EF0923006C377F /* NetworkService.swift */,
				CC040BED28E725E10051A217 /* CoreDataService.swift */,
			);
			path = Service;
			sourceTree = "<group>";
		};
		CCE6732528EF097E006C377F /* Model */ = {
			isa = PBXGroup;
			children = (
				CCE6731C28EC9323006C377F /* Query.swift */,
				CCE6732028ECA0EE006C377F /* Quote.swift */,
			);
			path = Model;
			sourceTree = "<group>";
		};
		CCE6732628EF0A0D006C377F /* View */ = {
			isa = PBXGroup;
			children = (
				CC040BE628E725E00051A217 /* StockView.swift */,
				CCE6732A28F00D7D006C377F /* StockDetailView.swift */,
				CCE6731828EC7A93006C377F /* AddStockView.swift */,
				CC6EB8DE28E9A8DA00F79728 /* StockCell.swift */,
			);
			path = View;
			sourceTree = "<group>";
		};
		CCE6732728EF0A51006C377F /* ViewModel */ = {
			isa = PBXGroup;
			children = (
				CC6EB8E228E9FC3B00F79728 /* StockViewModel.swift */,
			);
			path = ViewModel;
			sourceTree = "<group>";
		};
		CCE6733128F02B8C006C377F /* StocksTests */ = {
			isa = PBXGroup;
			children = (
				CCF2E09728F338F5007EC0E0 /* StockViewModelTests.swift */,
				CCF2E09928F33956007EC0E0 /* MockNetworkService.swift */,
			);
			path = StocksTests;
			sourceTree = "<group>";
		};
/* End PBXGroup section */

/* Begin PBXNativeTarget section */
		CC040BE028E725E00051A217 /* Stocks */ = {
			isa = PBXNativeTarget;
			buildConfigurationList = CC040BF428E725E10051A217 /* Build configuration list for PBXNativeTarget "Stocks" */;
			buildPhases = (
				CC040BDD28E725E00051A217 /* Sources */,
				CC040C3028E72A770051A217 /* ShellScript */,
				CC040BDE28E725E00051A217 /* Frameworks */,
				CC040BDF28E725E00051A217 /* Resources */,
			);
			buildRules = (
			);
			dependencies = (
			);
			name = Stocks;
			productName = Stocks;
			productReference = CC040BE128E725E00051A217 /* Stocks.app */;
			productType = "com.apple.product-type.application";
		};
		CCE6732F28F02B8C006C377F /* StocksTests */ = {
			isa = PBXNativeTarget;
			buildConfigurationList = CCE6733828F02B8C006C377F /* Build configuration list for PBXNativeTarget "StocksTests" */;
			buildPhases = (
				CCE6732C28F02B8C006C377F /* Sources */,
				CCE6732D28F02B8C006C377F /* Frameworks */,
				CCE6732E28F02B8C006C377F /* Resources */,
			);
			buildRules = (
			);
			dependencies = (
				CCE6733528F02B8C006C377F /* PBXTargetDependency */,
			);
			name = StocksTests;
			productName = StocksTests;
			productReference = CCE6733028F02B8C006C377F /* StocksTests.xctest */;
			productType = "com.apple.product-type.bundle.unit-test";
		};
		CCE6733C28F02BA3006C377F /* StocksUITests */ = {
			isa = PBXNativeTarget;
			buildConfigurationList = CCE6734528F02BA4006C377F /* Build configuration list for PBXNativeTarget "StocksUITests" */;
			buildPhases = (
				CCE6733928F02BA3006C377F /* Sources */,
				CCE6733A28F02BA3006C377F /* Frameworks */,
				CCE6733B28F02BA3006C377F /* Resources */,
			);
			buildRules = (
			);
			dependencies = (
				CCE6734428F02BA4006C377F /* PBXTargetDependency */,
			);
			name = StocksUITests;
			productName = StocksUITests;
			productReference = CCE6733D28F02BA3006C377F /* StocksUITests.xctest */;
			productType = "com.apple.product-type.bundle.ui-testing";
		};
/* End PBXNativeTarget section */

/* Begin PBXProject section */
		CC040BD928E725DF0051A217 /* Project object */ = {
			isa = PBXProject;
			attributes = {
				BuildIndependentTargetsInParallel = 1;
				LastSwiftUpdateCheck = 1400;
				LastUpgradeCheck = 1400;
				TargetAttributes = {
					CC040BE028E725E00051A217 = {
						CreatedOnToolsVersion = 14.0.1;
					};
					CCE6732F28F02B8C006C377F = {
						CreatedOnToolsVersion = 14.0.1;
						TestTargetID = CC040BE028E725E00051A217;
					};
					CCE6733C28F02BA3006C377F = {
						CreatedOnToolsVersion = 14.0.1;
						TestTargetID = CC040BE028E725E00051A217;
					};
				};
			};
			buildConfigurationList = CC040BDC28E725DF0051A217 /* Build configuration list for PBXProject "Stocks" */;
			compatibilityVersion = "Xcode 14.0";
			developmentRegion = en;
			hasScannedForEncodings = 0;
			knownRegions = (
				en,
				Base,
			);
			mainGroup = CC040BD828E725DF0051A217;
			productRefGroup = CC040BE228E725E00051A217 /* Products */;
			projectDirPath = "";
			projectRoot = "";
			targets = (
				CC040BE028E725E00051A217 /* Stocks */,
				CCE6732F28F02B8C006C377F /* StocksTests */,
				CCE6733C28F02BA3006C377F /* StocksUITests */,
			);
		};
/* End PBXProject section */

/* Begin PBXResourcesBuildPhase section */
		CC040BDF28E725E00051A217 /* Resources */ = {
			isa = PBXResourcesBuildPhase;
			buildActionMask = 2147483647;
			files = (
				CC040BEC28E725E10051A217 /* Preview Assets.xcassets in Resources */,
				CC040BE928E725E10051A217 /* Assets.xcassets in Resources */,
			);
			runOnlyForDeploymentPostprocessing = 0;
		};
		CCE6732E28F02B8C006C377F /* Resources */ = {
			isa = PBXResourcesBuildPhase;
			buildActionMask = 2147483647;
			files = (
			);
			runOnlyForDeploymentPostprocessing = 0;
		};
		CCE6733B28F02BA3006C377F /* Resources */ = {
			isa = PBXResourcesBuildPhase;
			buildActionMask = 2147483647;
			files = (
			);
			runOnlyForDeploymentPostprocessing = 0;
		};
/* End PBXResourcesBuildPhase section */

/* Begin PBXShellScriptBuildPhase section */
		CC040C3028E72A770051A217 /* ShellScript */ = {
			isa = PBXShellScriptBuildPhase;
			alwaysOutOfDate = 1;
			buildActionMask = 2147483647;
			files = (
			);
			inputFileListPaths = (
			);
			inputPaths = (
			);
			outputFileListPaths = (
			);
			outputPaths = (
			);
			runOnlyForDeploymentPostprocessing = 0;
			shellPath = /bin/sh;
			shellScript = "export PATH=\"$PATH:/opt/homebrew/bin\"\nif which swiftlint > /dev/null; then\n  swiftlint\nelse\n  echo \"warning: SwiftLint not installed, download from https://github.com/realm/SwiftLint\"\nfi\n";
		};
/* End PBXShellScriptBuildPhase section */

/* Begin PBXSourcesBuildPhase section */
		CC040BDD28E725E00051A217 /* Sources */ = {
			isa = PBXSourcesBuildPhase;
			buildActionMask = 2147483647;
			files = (
				CCE6731D28EC9323006C377F /* Query.swift in Sources */,
				CC040BEE28E725E10051A217 /* CoreDataService.swift in Sources */,
				CCE6732328EF0923006C377F /* NetworkService.swift in Sources */,
				CCE6732B28F00D7E006C377F /* StockDetailView.swift in Sources */,
				CC6EB8E328E9FC3B00F79728 /* StockViewModel.swift in Sources */,
				CCE6732128ECA0EE006C377F /* Quote.swift in Sources */,
				CC040BE728E725E00051A217 /* StockView.swift in Sources */,
				CCE6731F28EC9FDC006C377F /* APIKey.swift in Sources */,
				CC040BF128E725E10051A217 /* Stocks.xcdatamodeld in Sources */,
				CCE6731928EC7A93006C377F /* AddStockView.swift in Sources */,
				CC040BE528E725E00051A217 /* StocksApp.swift in Sources */,
				CC6EB8DF28E9A8DA00F79728 /* StockCell.swift in Sources */,
			);
			runOnlyForDeploymentPostprocessing = 0;
		};
		CCE6732C28F02B8C006C377F /* Sources */ = {
			isa = PBXSourcesBuildPhase;
			buildActionMask = 2147483647;
			files = (
				CCF2E09A28F33956007EC0E0 /* MockNetworkService.swift in Sources */,
				CCF2E09828F338F5007EC0E0 /* StockViewModelTests.swift in Sources */,
			);
			runOnlyForDeploymentPostprocessing = 0;
		};
		CCE6733928F02BA3006C377F /* Sources */ = {
			isa = PBXSourcesBuildPhase;
			buildActionMask = 2147483647;
			files = (
			);
			runOnlyForDeploymentPostprocessing = 0;
		};
/* End PBXSourcesBuildPhase section */

/* Begin PBXTargetDependency section */
		CCE6733528F02B8C006C377F /* PBXTargetDependency */ = {
			isa = PBXTargetDependency;
			target = CC040BE028E725E00051A217 /* Stocks */;
			targetProxy = CCE6733428F02B8C006C377F /* PBXContainerItemProxy */;
		};
		CCE6734428F02BA4006C377F /* PBXTargetDependency */ = {
			isa = PBXTargetDependency;
			target = CC040BE028E725E00051A217 /* Stocks */;
			targetProxy = CCE6734328F02BA4006C377F /* PBXContainerItemProxy */;
		};
/* End PBXTargetDependency section */

/* Begin XCBuildConfiguration section */
		CC040BF228E725E10051A217 /* Debug */ = {
			isa = XCBuildConfiguration;
			buildSettings = {
				ALWAYS_SEARCH_USER_PATHS = NO;
				CLANG_ANALYZER_NONNULL = YES;
				CLANG_ANALYZER_NUMBER_OBJECT_CONVERSION = YES_AGGRESSIVE;
				CLANG_CXX_LANGUAGE_STANDARD = "gnu++20";
				CLANG_ENABLE_MODULES = YES;
				CLANG_ENABLE_OBJC_ARC = YES;
				CLANG_ENABLE_OBJC_WEAK = YES;
				CLANG_WARN_BLOCK_CAPTURE_AUTORELEASING = YES;
				CLANG_WARN_BOOL_CONVERSION = YES;
				CLANG_WARN_COMMA = YES;
				CLANG_WARN_CONSTANT_CONVERSION = YES;
				CLANG_WARN_DEPRECATED_OBJC_IMPLEMENTATIONS = YES;
				CLANG_WARN_DIRECT_OBJC_ISA_USAGE = YES_ERROR;
				CLANG_WARN_DOCUMENTATION_COMMENTS = YES;
				CLANG_WARN_EMPTY_BODY = YES;
				CLANG_WARN_ENUM_CONVERSION = YES;
				CLANG_WARN_INFINITE_RECURSION = YES;
				CLANG_WARN_INT_CONVERSION = YES;
				CLANG_WARN_NON_LITERAL_NULL_CONVERSION = YES;
				CLANG_WARN_OBJC_IMPLICIT_RETAIN_SELF = YES;
				CLANG_WARN_OBJC_LITERAL_CONVERSION = YES;
				CLANG_WARN_OBJC_ROOT_CLASS = YES_ERROR;
				CLANG_WARN_QUOTED_INCLUDE_IN_FRAMEWORK_HEADER = YES;
				CLANG_WARN_RANGE_LOOP_ANALYSIS = YES;
				CLANG_WARN_STRICT_PROTOTYPES = YES;
				CLANG_WARN_SUSPICIOUS_MOVE = YES;
				CLANG_WARN_UNGUARDED_AVAILABILITY = YES_AGGRESSIVE;
				CLANG_WARN_UNREACHABLE_CODE = YES;
				CLANG_WARN__DUPLICATE_METHOD_MATCH = YES;
				COPY_PHASE_STRIP = NO;
				DEBUG_INFORMATION_FORMAT = dwarf;
				ENABLE_STRICT_OBJC_MSGSEND = YES;
				ENABLE_TESTABILITY = YES;
				GCC_C_LANGUAGE_STANDARD = gnu11;
				GCC_DYNAMIC_NO_PIC = NO;
				GCC_NO_COMMON_BLOCKS = YES;
				GCC_OPTIMIZATION_LEVEL = 0;
				GCC_PREPROCESSOR_DEFINITIONS = (
					"DEBUG=1",
					"$(inherited)",
				);
				GCC_WARN_64_TO_32_BIT_CONVERSION = YES;
				GCC_WARN_ABOUT_RETURN_TYPE = YES_ERROR;
				GCC_WARN_UNDECLARED_SELECTOR = YES;
				GCC_WARN_UNINITIALIZED_AUTOS = YES_AGGRESSIVE;
				GCC_WARN_UNUSED_FUNCTION = YES;
				GCC_WARN_UNUSED_VARIABLE = YES;
				IPHONEOS_DEPLOYMENT_TARGET = 16.0;
				MTL_ENABLE_DEBUG_INFO = INCLUDE_SOURCE;
				MTL_FAST_MATH = YES;
				ONLY_ACTIVE_ARCH = YES;
				SDKROOT = iphoneos;
				SWIFT_ACTIVE_COMPILATION_CONDITIONS = DEBUG;
				SWIFT_OPTIMIZATION_LEVEL = "-Onone";
			};
			name = Debug;
		};
		CC040BF328E725E10051A217 /* Release */ = {
			isa = XCBuildConfiguration;
			buildSettings = {
				ALWAYS_SEARCH_USER_PATHS = NO;
				CLANG_ANALYZER_NONNULL = YES;
				CLANG_ANALYZER_NUMBER_OBJECT_CONVERSION = YES_AGGRESSIVE;
				CLANG_CXX_LANGUAGE_STANDARD = "gnu++20";
				CLANG_ENABLE_MODULES = YES;
				CLANG_ENABLE_OBJC_ARC = YES;
				CLANG_ENABLE_OBJC_WEAK = YES;
				CLANG_WARN_BLOCK_CAPTURE_AUTORELEASING = YES;
				CLANG_WARN_BOOL_CONVERSION = YES;
				CLANG_WARN_COMMA = YES;
				CLANG_WARN_CONSTANT_CONVERSION = YES;
				CLANG_WARN_DEPRECATED_OBJC_IMPLEMENTATIONS = YES;
				CLANG_WARN_DIRECT_OBJC_ISA_USAGE = YES_ERROR;
				CLANG_WARN_DOCUMENTATION_COMMENTS = YES;
				CLANG_WARN_EMPTY_BODY = YES;
				CLANG_WARN_ENUM_CONVERSION = YES;
				CLANG_WARN_INFINITE_RECURSION = YES;
				CLANG_WARN_INT_CONVERSION = YES;
				CLANG_WARN_NON_LITERAL_NULL_CONVERSION = YES;
				CLANG_WARN_OBJC_IMPLICIT_RETAIN_SELF = YES;
				CLANG_WARN_OBJC_LITERAL_CONVERSION = YES;
				CLANG_WARN_OBJC_ROOT_CLASS = YES_ERROR;
				CLANG_WARN_QUOTED_INCLUDE_IN_FRAMEWORK_HEADER = YES;
				CLANG_WARN_RANGE_LOOP_ANALYSIS = YES;
				CLANG_WARN_STRICT_PROTOTYPES = YES;
				CLANG_WARN_SUSPICIOUS_MOVE = YES;
				CLANG_WARN_UNGUARDED_AVAILABILITY = YES_AGGRESSIVE;
				CLANG_WARN_UNREACHABLE_CODE = YES;
				CLANG_WARN__DUPLICATE_METHOD_MATCH = YES;
				COPY_PHASE_STRIP = NO;
				DEBUG_INFORMATION_FORMAT = "dwarf-with-dsym";
				ENABLE_NS_ASSERTIONS = NO;
				ENABLE_STRICT_OBJC_MSGSEND = YES;
				GCC_C_LANGUAGE_STANDARD = gnu11;
				GCC_NO_COMMON_BLOCKS = YES;
				GCC_WARN_64_TO_32_BIT_CONVERSION = YES;
				GCC_WARN_ABOUT_RETURN_TYPE = YES_ERROR;
				GCC_WARN_UNDECLARED_SELECTOR = YES;
				GCC_WARN_UNINITIALIZED_AUTOS = YES_AGGRESSIVE;
				GCC_WARN_UNUSED_FUNCTION = YES;
				GCC_WARN_UNUSED_VARIABLE = YES;
				IPHONEOS_DEPLOYMENT_TARGET = 16.0;
				MTL_ENABLE_DEBUG_INFO = NO;
				MTL_FAST_MATH = YES;
				SDKROOT = iphoneos;
				SWIFT_COMPILATION_MODE = wholemodule;
				SWIFT_OPTIMIZATION_LEVEL = "-O";
				VALIDATE_PRODUCT = YES;
			};
			name = Release;
		};
		CC040BF528E725E10051A217 /* Debug */ = {
			isa = XCBuildConfiguration;
			buildSettings = {
				ASSETCATALOG_COMPILER_APPICON_NAME = AppIcon;
				ASSETCATALOG_COMPILER_GLOBAL_ACCENT_COLOR_NAME = AccentColor;
				CODE_SIGN_STYLE = Automatic;
				CURRENT_PROJECT_VERSION = 1;
				DEVELOPMENT_ASSET_PATHS = "\"Stocks/Preview Content\"";
				DEVELOPMENT_TEAM = H4339MT68D;
				ENABLE_PREVIEWS = YES;
				GENERATE_INFOPLIST_FILE = YES;
				INFOPLIST_KEY_UIApplicationSceneManifest_Generation = YES;
				INFOPLIST_KEY_UIApplicationSupportsIndirectInputEvents = YES;
				INFOPLIST_KEY_UILaunchScreen_Generation = YES;
				INFOPLIST_KEY_UISupportedInterfaceOrientations_iPad = "UIInterfaceOrientationPortrait UIInterfaceOrientationPortraitUpsideDown UIInterfaceOrientationLandscapeLeft UIInterfaceOrientationLandscapeRight";
				INFOPLIST_KEY_UISupportedInterfaceOrientations_iPhone = "UIInterfaceOrientationPortrait UIInterfaceOrientationLandscapeLeft UIInterfaceOrientationLandscapeRight";
				LD_RUNPATH_SEARCH_PATHS = (
					"$(inherited)",
					"@executable_path/Frameworks",
				);
				MARKETING_VERSION = 1.0;
				PRODUCT_BUNDLE_IDENTIFIER = edu.kierancassel.Stocks;
				PRODUCT_NAME = "$(TARGET_NAME)";
				SWIFT_EMIT_LOC_STRINGS = YES;
				SWIFT_VERSION = 5.0;
				TARGETED_DEVICE_FAMILY = "1,2";
			};
			name = Debug;
		};
		CC040BF628E725E10051A217 /* Release */ = {
			isa = XCBuildConfiguration;
			buildSettings = {
				ASSETCATALOG_COMPILER_APPICON_NAME = AppIcon;
				ASSETCATALOG_COMPILER_GLOBAL_ACCENT_COLOR_NAME = AccentColor;
				CODE_SIGN_STYLE = Automatic;
				CURRENT_PROJECT_VERSION = 1;
				DEVELOPMENT_ASSET_PATHS = "\"Stocks/Preview Content\"";
				DEVELOPMENT_TEAM = H4339MT68D;
				ENABLE_PREVIEWS = YES;
				GENERATE_INFOPLIST_FILE = YES;
				INFOPLIST_KEY_UIApplicationSceneManifest_Generation = YES;
				INFOPLIST_KEY_UIApplicationSupportsIndirectInputEvents = YES;
				INFOPLIST_KEY_UILaunchScreen_Generation = YES;
				INFOPLIST_KEY_UISupportedInterfaceOrientations_iPad = "UIInterfaceOrientationPortrait UIInterfaceOrientationPortraitUpsideDown UIInterfaceOrientationLandscapeLeft UIInterfaceOrientationLandscapeRight";
				INFOPLIST_KEY_UISupportedInterfaceOrientations_iPhone = "UIInterfaceOrientationPortrait UIInterfaceOrientationLandscapeLeft UIInterfaceOrientationLandscapeRight";
				LD_RUNPATH_SEARCH_PATHS = (
					"$(inherited)",
					"@executable_path/Frameworks",
				);
				MARKETING_VERSION = 1.0;
				PRODUCT_BUNDLE_IDENTIFIER = edu.kierancassel.Stocks;
				PRODUCT_NAME = "$(TARGET_NAME)";
				SWIFT_EMIT_LOC_STRINGS = YES;
				SWIFT_VERSION = 5.0;
				TARGETED_DEVICE_FAMILY = "1,2";
			};
			name = Release;
		};
		CCE6733628F02B8C006C377F /* Debug */ = {
			isa = XCBuildConfiguration;
			buildSettings = {
				BUNDLE_LOADER = "$(TEST_HOST)";
				CODE_SIGN_STYLE = Automatic;
				CURRENT_PROJECT_VERSION = 1;
				DEVELOPMENT_TEAM = H4339MT68D;
				GENERATE_INFOPLIST_FILE = YES;
				MARKETING_VERSION = 1.0;
				PRODUCT_BUNDLE_IDENTIFIER = edu.kierancassel.StocksTests;
				PRODUCT_NAME = "$(TARGET_NAME)";
				SWIFT_EMIT_LOC_STRINGS = NO;
				SWIFT_VERSION = 5.0;
				TARGETED_DEVICE_FAMILY = "1,2";
				TEST_HOST = "$(BUILT_PRODUCTS_DIR)/Stocks.app/$(BUNDLE_EXECUTABLE_FOLDER_PATH)/Stocks";
			};
			name = Debug;
		};
		CCE6733728F02B8C006C377F /* Release */ = {
			isa = XCBuildConfiguration;
			buildSettings = {
				BUNDLE_LOADER = "$(TEST_HOST)";
				CODE_SIGN_STYLE = Automatic;
				CURRENT_PROJECT_VERSION = 1;
				DEVELOPMENT_TEAM = H4339MT68D;
				GENERATE_INFOPLIST_FILE = YES;
				MARKETING_VERSION = 1.0;
				PRODUCT_BUNDLE_IDENTIFIER = edu.kierancassel.StocksTests;
				PRODUCT_NAME = "$(TARGET_NAME)";
				SWIFT_EMIT_LOC_STRINGS = NO;
				SWIFT_VERSION = 5.0;
				TARGETED_DEVICE_FAMILY = "1,2";
				TEST_HOST = "$(BUILT_PRODUCTS_DIR)/Stocks.app/$(BUNDLE_EXECUTABLE_FOLDER_PATH)/Stocks";
			};
			name = Release;
		};
		CCE6734628F02BA4006C377F /* Debug */ = {
			isa = XCBuildConfiguration;
			buildSettings = {
				CODE_SIGN_STYLE = Automatic;
				CURRENT_PROJECT_VERSION = 1;
				DEVELOPMENT_TEAM = H4339MT68D;
				GENERATE_INFOPLIST_FILE = YES;
				MARKETING_VERSION = 1.0;
				PRODUCT_BUNDLE_IDENTIFIER = edu.kierancassel.StocksUITests;
				PRODUCT_NAME = "$(TARGET_NAME)";
				SWIFT_EMIT_LOC_STRINGS = NO;
				SWIFT_VERSION = 5.0;
				TARGETED_DEVICE_FAMILY = "1,2";
				TEST_TARGET_NAME = Stocks;
			};
			name = Debug;
		};
		CCE6734728F02BA4006C377F /* Release */ = {
			isa = XCBuildConfiguration;
			buildSettings = {
				CODE_SIGN_STYLE = Automatic;
				CURRENT_PROJECT_VERSION = 1;
				DEVELOPMENT_TEAM = H4339MT68D;
				GENERATE_INFOPLIST_FILE = YES;
				MARKETING_VERSION = 1.0;
				PRODUCT_BUNDLE_IDENTIFIER = edu.kierancassel.StocksUITests;
				PRODUCT_NAME = "$(TARGET_NAME)";
				SWIFT_EMIT_LOC_STRINGS = NO;
				SWIFT_VERSION = 5.0;
				TARGETED_DEVICE_FAMILY = "1,2";
				TEST_TARGET_NAME = Stocks;
			};
			name = Release;
		};
/* End XCBuildConfiguration section */

/* Begin XCConfigurationList section */
		CC040BDC28E725DF0051A217 /* Build configuration list for PBXProject "Stocks" */ = {
			isa = XCConfigurationList;
			buildConfigurations = (
				CC040BF228E725E10051A217 /* Debug */,
				CC040BF328E725E10051A217 /* Release */,
			);
			defaultConfigurationIsVisible = 0;
			defaultConfigurationName = Release;
		};
		CC040BF428E725E10051A217 /* Build configuration list for PBXNativeTarget "Stocks" */ = {
			isa = XCConfigurationList;
			buildConfigurations = (
				CC040BF528E725E10051A217 /* Debug */,
				CC040BF628E725E10051A217 /* Release */,
			);
			defaultConfigurationIsVisible = 0;
			defaultConfigurationName = Release;
		};
		CCE6733828F02B8C006C377F /* Build configuration list for PBXNativeTarget "StocksTests" */ = {
			isa = XCConfigurationList;
			buildConfigurations = (
				CCE6733628F02B8C006C377F /* Debug */,
				CCE6733728F02B8C006C377F /* Release */,
			);
			defaultConfigurationIsVisible = 0;
			defaultConfigurationName = Release;
		};
		CCE6734528F02BA4006C377F /* Build configuration list for PBXNativeTarget "StocksUITests" */ = {
			isa = XCConfigurationList;
			buildConfigurations = (
				CCE6734628F02BA4006C377F /* Debug */,
				CCE6734728F02BA4006C377F /* Release */,
			);
			defaultConfigurationIsVisible = 0;
			defaultConfigurationName = Release;
		};
/* End XCConfigurationList section */

/* Begin XCVersionGroup section */
		CC040BEF28E725E10051A217 /* Stocks.xcdatamodeld */ = {
			isa = XCVersionGroup;
			children = (
				CC040BF028E725E10051A217 /* Stocks.xcdatamodel */,
			);
			currentVersion = CC040BF028E725E10051A217 /* Stocks.xcdatamodel */;
			path = Stocks.xcdatamodeld;
			sourceTree = "<group>";
			versionGroupType = wrapper.xcdatamodel;
		};
/* End XCVersionGroup section */
	};
	rootObject = CC040BD928E725DF0051A217 /* Project object */;
}
